// !$*UTF8*$!
{
	archiveVersion = 1;
	classes = {
	};
	objectVersion = 48;
	objects = {

/* Begin PBXBuildFile section */
		AC891152C1F158EAE0CEB28E /* Pods_gameofchats.framework in Frameworks */ = {isa = PBXBuildFile; fileRef = 73D429E38044277CE0CEAEEF /* Pods_gameofchats.framework */; };
		F610DFC11FF5E560008F83A1 /* NewMessageController.swift in Sources */ = {isa = PBXBuildFile; fileRef = F610DFC01FF5E560008F83A1 /* NewMessageController.swift */; };
		F610DFC61FF7FD15008F83A1 /* LoginController+handlers.swift in Sources */ = {isa = PBXBuildFile; fileRef = F610DFC51FF7FD15008F83A1 /* LoginController+handlers.swift */; };
		F632D48C1FED5611001752D9 /* GoogleService-Info.plist in Resources */ = {isa = PBXBuildFile; fileRef = F632D48B1FED5611001752D9 /* GoogleService-Info.plist */; };
		F68056481FEC524300CD4AE2 /* AppDelegate.swift in Sources */ = {isa = PBXBuildFile; fileRef = F68056471FEC524300CD4AE2 /* AppDelegate.swift */; };
		F680564A1FEC524300CD4AE2 /* MessagesController.swift in Sources */ = {isa = PBXBuildFile; fileRef = F68056491FEC524300CD4AE2 /* MessagesController.swift */; };
		F680564D1FEC524300CD4AE2 /* Main.storyboard in Resources */ = {isa = PBXBuildFile; fileRef = F680564B1FEC524300CD4AE2 /* Main.storyboard */; };
		F680564F1FEC524300CD4AE2 /* Assets.xcassets in Resources */ = {isa = PBXBuildFile; fileRef = F680564E1FEC524300CD4AE2 /* Assets.xcassets */; };
		F68056521FEC524300CD4AE2 /* LaunchScreen.storyboard in Resources */ = {isa = PBXBuildFile; fileRef = F68056501FEC524300CD4AE2 /* LaunchScreen.storyboard */; };
		F680565B1FEC564E00CD4AE2 /* LoginController.swift in Sources */ = {isa = PBXBuildFile; fileRef = F680565A1FEC564E00CD4AE2 /* LoginController.swift */; };
		F6C4EE851FF978CE003ECD69 /* User.swift in Sources */ = {isa = PBXBuildFile; fileRef = F6C4EE841FF978CE003ECD69 /* User.swift */; };
		F6C4EE8A1FFA9C70003ECD69 /* Extensions.swift in Sources */ = {isa = PBXBuildFile; fileRef = F6C4EE891FFA9C70003ECD69 /* Extensions.swift */; };
		F6C4EE8C1FFAACED003ECD69 /* ChatLogController.swift in Sources */ = {isa = PBXBuildFile; fileRef = F6C4EE8B1FFAACED003ECD69 /* ChatLogController.swift */; };
		F6C4EE8E1FFADD41003ECD69 /* Message.swift in Sources */ = {isa = PBXBuildFile; fileRef = F6C4EE8D1FFADD41003ECD69 /* Message.swift */; };
/* End PBXBuildFile section */

/* Begin PBXFileReference section */
		41C1FFB0B8DA655EBF09ABE0 /* Pods-gameofchats.debug.xcconfig */ = {isa = PBXFileReference; includeInIndex = 1; lastKnownFileType = text.xcconfig; name = "Pods-gameofchats.debug.xcconfig"; path = "Pods/Target Support Files/Pods-gameofchats/Pods-gameofchats.debug.xcconfig"; sourceTree = "<group>"; };
		73D429E38044277CE0CEAEEF /* Pods_gameofchats.framework */ = {isa = PBXFileReference; explicitFileType = wrapper.framework; includeInIndex = 0; path = Pods_gameofchats.framework; sourceTree = BUILT_PRODUCTS_DIR; };
		D32197A430146D4C8AB6D0BB /* Pods-gameofchats.release.xcconfig */ = {isa = PBXFileReference; includeInIndex = 1; lastKnownFileType = text.xcconfig; name = "Pods-gameofchats.release.xcconfig"; path = "Pods/Target Support Files/Pods-gameofchats/Pods-gameofchats.release.xcconfig"; sourceTree = "<group>"; };
		F610DFC01FF5E560008F83A1 /* NewMessageController.swift */ = {isa = PBXFileReference; lastKnownFileType = sourcecode.swift; path = NewMessageController.swift; sourceTree = "<group>"; };
		F610DFC51FF7FD15008F83A1 /* LoginController+handlers.swift */ = {isa = PBXFileReference; lastKnownFileType = sourcecode.swift; path = "LoginController+handlers.swift"; sourceTree = "<group>"; };
		F632D48B1FED5611001752D9 /* GoogleService-Info.plist */ = {isa = PBXFileReference; fileEncoding = 4; lastKnownFileType = text.plist.xml; path = "GoogleService-Info.plist"; sourceTree = "<group>"; };
		F68056441FEC524300CD4AE2 /* gameofchats.app */ = {isa = PBXFileReference; explicitFileType = wrapper.application; includeInIndex = 0; path = gameofchats.app; sourceTree = BUILT_PRODUCTS_DIR; };
		F68056471FEC524300CD4AE2 /* AppDelegate.swift */ = {isa = PBXFileReference; lastKnownFileType = sourcecode.swift; path = AppDelegate.swift; sourceTree = "<group>"; };
		F68056491FEC524300CD4AE2 /* MessagesController.swift */ = {isa = PBXFileReference; lastKnownFileType = sourcecode.swift; path = MessagesController.swift; sourceTree = "<group>"; };
		F680564C1FEC524300CD4AE2 /* Base */ = {isa = PBXFileReference; lastKnownFileType = file.storyboard; name = Base; path = Base.lproj/Main.storyboard; sourceTree = "<group>"; };
		F680564E1FEC524300CD4AE2 /* Assets.xcassets */ = {isa = PBXFileReference; lastKnownFileType = folder.assetcatalog; path = Assets.xcassets; sourceTree = "<group>"; };
		F68056511FEC524300CD4AE2 /* Base */ = {isa = PBXFileReference; lastKnownFileType = file.storyboard; name = Base; path = Base.lproj/LaunchScreen.storyboard; sourceTree = "<group>"; };
		F68056531FEC524300CD4AE2 /* Info.plist */ = {isa = PBXFileReference; lastKnownFileType = text.plist.xml; path = Info.plist; sourceTree = "<group>"; };
		F680565A1FEC564E00CD4AE2 /* LoginController.swift */ = {isa = PBXFileReference; lastKnownFileType = sourcecode.swift; path = LoginController.swift; sourceTree = "<group>"; };
		F6C4EE841FF978CE003ECD69 /* User.swift */ = {isa = PBXFileReference; lastKnownFileType = sourcecode.swift; path = User.swift; sourceTree = "<group>"; };
		F6C4EE891FFA9C70003ECD69 /* Extensions.swift */ = {isa = PBXFileReference; lastKnownFileType = sourcecode.swift; path = Extensions.swift; sourceTree = "<group>"; };
		F6C4EE8B1FFAACED003ECD69 /* ChatLogController.swift */ = {isa = PBXFileReference; lastKnownFileType = sourcecode.swift; path = ChatLogController.swift; sourceTree = "<group>"; };
		F6C4EE8D1FFADD41003ECD69 /* Message.swift */ = {isa = PBXFileReference; lastKnownFileType = sourcecode.swift; path = Message.swift; sourceTree = "<group>"; };
/* End PBXFileReference section */

/* Begin PBXFrameworksBuildPhase section */
		F68056411FEC524300CD4AE2 /* Frameworks */ = {
			isa = PBXFrameworksBuildPhase;
			buildActionMask = 2147483647;
			files = (
				AC891152C1F158EAE0CEB28E /* Pods_gameofchats.framework in Frameworks */,
			);
			runOnlyForDeploymentPostprocessing = 0;
		};
/* End PBXFrameworksBuildPhase section */

/* Begin PBXGroup section */
		3E254ABD86A2131B00585DEA /* Frameworks */ = {
			isa = PBXGroup;
			children = (
				73D429E38044277CE0CEAEEF /* Pods_gameofchats.framework */,
			);
			name = Frameworks;
			sourceTree = "<group>";
		};
		5170A02A78787E81E6569CDF /* Pods */ = {
			isa = PBXGroup;
			children = (
				41C1FFB0B8DA655EBF09ABE0 /* Pods-gameofchats.debug.xcconfig */,
				D32197A430146D4C8AB6D0BB /* Pods-gameofchats.release.xcconfig */,
			);
			name = Pods;
			sourceTree = "<group>";
		};
		F610DFC21FF6B8B1008F83A1 /* Model */ = {
			isa = PBXGroup;
			children = (
				F6C4EE841FF978CE003ECD69 /* User.swift */,
				F6C4EE8D1FFADD41003ECD69 /* Message.swift */,
			);
			path = Model;
			sourceTree = "<group>";
		};
		F680563B1FEC524300CD4AE2 = {
			isa = PBXGroup;
			children = (
				F68056461FEC524300CD4AE2 /* gameofchats */,
				F68056451FEC524300CD4AE2 /* Products */,
				5170A02A78787E81E6569CDF /* Pods */,
				3E254ABD86A2131B00585DEA /* Frameworks */,
			);
			sourceTree = "<group>";
		};
		F68056451FEC524300CD4AE2 /* Products */ = {
			isa = PBXGroup;
			children = (
				F68056441FEC524300CD4AE2 /* gameofchats.app */,
			);
			name = Products;
			sourceTree = "<group>";
		};
		F68056461FEC524300CD4AE2 /* gameofchats */ = {
			isa = PBXGroup;
			children = (
				F6C4EE861FF990D0003ECD69 /* Helper */,
				F610DFC21FF6B8B1008F83A1 /* Model */,
				F68056591FEC55BC00CD4AE2 /* Controller */,
				F68056471FEC524300CD4AE2 /* AppDelegate.swift */,
				F680564B1FEC524300CD4AE2 /* Main.storyboard */,
				F680564E1FEC524300CD4AE2 /* Assets.xcassets */,
				F68056501FEC524300CD4AE2 /* LaunchScreen.storyboard */,
				F68056531FEC524300CD4AE2 /* Info.plist */,
				F632D48B1FED5611001752D9 /* GoogleService-Info.plist */,
			);
			path = gameofchats;
			sourceTree = "<group>";
		};
		F68056591FEC55BC00CD4AE2 /* Controller */ = {
			isa = PBXGroup;
			children = (
				F680565A1FEC564E00CD4AE2 /* LoginController.swift */,
				F68056491FEC524300CD4AE2 /* MessagesController.swift */,
				F610DFC01FF5E560008F83A1 /* NewMessageController.swift */,
				F610DFC51FF7FD15008F83A1 /* LoginController+handlers.swift */,
				F6C4EE8B1FFAACED003ECD69 /* ChatLogController.swift */,
			);
			path = Controller;
			sourceTree = "<group>";
		};
		F6C4EE861FF990D0003ECD69 /* Helper */ = {
			isa = PBXGroup;
			children = (
				F6C4EE891FFA9C70003ECD69 /* Extensions.swift */,
			);
			path = Helper;
			sourceTree = "<group>";
		};
/* End PBXGroup section */

/* Begin PBXNativeTarget section */
		F68056431FEC524300CD4AE2 /* gameofchats */ = {
			isa = PBXNativeTarget;
			buildConfigurationList = F68056561FEC524300CD4AE2 /* Build configuration list for PBXNativeTarget "gameofchats" */;
			buildPhases = (
				969C98408985463313CAE620 /* [CP] Check Pods Manifest.lock */,
				F68056401FEC524300CD4AE2 /* Sources */,
				F68056411FEC524300CD4AE2 /* Frameworks */,
				F68056421FEC524300CD4AE2 /* Resources */,
				8518738719D6E31B9319FF21 /* [CP] Embed Pods Frameworks */,
				916F229D849804B588B3D9E8 /* [CP] Copy Pods Resources */,
			);
			buildRules = (
			);
			dependencies = (
			);
			name = gameofchats;
			productName = gameofchats;
			productReference = F68056441FEC524300CD4AE2 /* gameofchats.app */;
			productType = "com.apple.product-type.application";
		};
/* End PBXNativeTarget section */

/* Begin PBXProject section */
		F680563C1FEC524300CD4AE2 /* Project object */ = {
			isa = PBXProject;
			attributes = {
				LastSwiftUpdateCheck = 0920;
				LastUpgradeCheck = 0920;
				ORGANIZATIONNAME = "Terry Cheng";
				TargetAttributes = {
					F68056431FEC524300CD4AE2 = {
						CreatedOnToolsVersion = 9.2;
						ProvisioningStyle = Automatic;
					};
				};
			};
			buildConfigurationList = F680563F1FEC524300CD4AE2 /* Build configuration list for PBXProject "gameofchats" */;
			compatibilityVersion = "Xcode 8.0";
			developmentRegion = en;
			hasScannedForEncodings = 0;
			knownRegions = (
				en,
				Base,
			);
			mainGroup = F680563B1FEC524300CD4AE2;
			productRefGroup = F68056451FEC524300CD4AE2 /* Products */;
			projectDirPath = "";
			projectRoot = "";
			targets = (
				F68056431FEC524300CD4AE2 /* gameofchats */,
			);
		};
/* End PBXProject section */

/* Begin PBXResourcesBuildPhase section */
		F68056421FEC524300CD4AE2 /* Resources */ = {
			isa = PBXResourcesBuildPhase;
			buildActionMask = 2147483647;
			files = (
				F68056521FEC524300CD4AE2 /* LaunchScreen.storyboard in Resources */,
				F680564F1FEC524300CD4AE2 /* Assets.xcassets in Resources */,
				F680564D1FEC524300CD4AE2 /* Main.storyboard in Resources */,
				F632D48C1FED5611001752D9 /* GoogleService-Info.plist in Resources */,
			);
			runOnlyForDeploymentPostprocessing = 0;
		};
/* End PBXResourcesBuildPhase section */

/* Begin PBXShellScriptBuildPhase section */
		8518738719D6E31B9319FF21 /* [CP] Embed Pods Frameworks */ = {
			isa = PBXShellScriptBuildPhase;
			buildActionMask = 2147483647;
			files = (
			);
			inputPaths = (
				"${SRCROOT}/Pods/Target Support Files/Pods-gameofchats/Pods-gameofchats-frameworks.sh",
				"${BUILT_PRODUCTS_DIR}/GTMSessionFetcher/GTMSessionFetcher.framework",
				"${BUILT_PRODUCTS_DIR}/GoogleToolboxForMac/GoogleToolboxForMac.framework",
				"${BUILT_PRODUCTS_DIR}/leveldb-library/leveldb.framework",
				"${BUILT_PRODUCTS_DIR}/nanopb/nanopb.framework",
			);
			name = "[CP] Embed Pods Frameworks";
			outputPaths = (
				"${TARGET_BUILD_DIR}/${FRAMEWORKS_FOLDER_PATH}/GTMSessionFetcher.framework",
				"${TARGET_BUILD_DIR}/${FRAMEWORKS_FOLDER_PATH}/GoogleToolboxForMac.framework",
				"${TARGET_BUILD_DIR}/${FRAMEWORKS_FOLDER_PATH}/leveldb.framework",
				"${TARGET_BUILD_DIR}/${FRAMEWORKS_FOLDER_PATH}/nanopb.framework",
			);
			runOnlyForDeploymentPostprocessing = 0;
			shellPath = /bin/sh;
			shellScript = "\"${SRCROOT}/Pods/Target Support Files/Pods-gameofchats/Pods-gameofchats-frameworks.sh\"\n";
			showEnvVarsInLog = 0;
		};
		916F229D849804B588B3D9E8 /* [CP] Copy Pods Resources */ = {
			isa = PBXShellScriptBuildPhase;
			buildActionMask = 2147483647;
			files = (
			);
			inputPaths = (
			);
			name = "[CP] Copy Pods Resources";
			outputPaths = (
			);
			runOnlyForDeploymentPostprocessing = 0;
			shellPath = /bin/sh;
			shellScript = "\"${SRCROOT}/Pods/Target Support Files/Pods-gameofchats/Pods-gameofchats-resources.sh\"\n";
			showEnvVarsInLog = 0;
		};
		969C98408985463313CAE620 /* [CP] Check Pods Manifest.lock */ = {
			isa = PBXShellScriptBuildPhase;
			buildActionMask = 2147483647;
			files = (
			);
			inputPaths = (
				"${PODS_PODFILE_DIR_PATH}/Podfile.lock",
				"${PODS_ROOT}/Manifest.lock",
			);
			name = "[CP] Check Pods Manifest.lock";
			outputPaths = (
				"$(DERIVED_FILE_DIR)/Pods-gameofchats-checkManifestLockResult.txt",
			);
			runOnlyForDeploymentPostprocessing = 0;
			shellPath = /bin/sh;
			shellScript = "diff \"${PODS_PODFILE_DIR_PATH}/Podfile.lock\" \"${PODS_ROOT}/Manifest.lock\" > /dev/null\nif [ $? != 0 ] ; then\n    # print error to STDERR\n    echo \"error: The sandbox is not in sync with the Podfile.lock. Run 'pod install' or update your CocoaPods installation.\" >&2\n    exit 1\nfi\n# This output is used by Xcode 'outputs' to avoid re-running this script phase.\necho \"SUCCESS\" > \"${SCRIPT_OUTPUT_FILE_0}\"\n";
			showEnvVarsInLog = 0;
		};
/* End PBXShellScriptBuildPhase section */

/* Begin PBXSourcesBuildPhase section */
		F68056401FEC524300CD4AE2 /* Sources */ = {
			isa = PBXSourcesBuildPhase;
			buildActionMask = 2147483647;
			files = (
				F6C4EE8C1FFAACED003ECD69 /* ChatLogController.swift in Sources */,
				F610DFC11FF5E560008F83A1 /* NewMessageController.swift in Sources */,
				F680564A1FEC524300CD4AE2 /* MessagesController.swift in Sources */,
				F6C4EE8E1FFADD41003ECD69 /* Message.swift in Sources */,
				F6C4EE851FF978CE003ECD69 /* User.swift in Sources */,
				F610DFC61FF7FD15008F83A1 /* LoginController+handlers.swift in Sources */,
				F680565B1FEC564E00CD4AE2 /* LoginController.swift in Sources */,
				F68056481FEC524300CD4AE2 /* AppDelegate.swift in Sources */,
				F6C4EE8A1FFA9C70003ECD69 /* Extensions.swift in Sources */,
			);
			runOnlyForDeploymentPostprocessing = 0;
		};
/* End PBXSourcesBuildPhase section */

/* Begin PBXVariantGroup section */
		F680564B1FEC524300CD4AE2 /* Main.storyboard */ = {
			isa = PBXVariantGroup;
			children = (
				F680564C1FEC524300CD4AE2 /* Base */,
			);
			name = Main.storyboard;
			sourceTree = "<group>";
		};
		F68056501FEC524300CD4AE2 /* LaunchScreen.storyboard */ = {
			isa = PBXVariantGroup;
			children = (
				F68056511FEC524300CD4AE2 /* Base */,
			);
			name = LaunchScreen.storyboard;
			sourceTree = "<group>";
		};
/* End PBXVariantGroup section */

/* Begin XCBuildConfiguration section */
		F68056541FEC524300CD4AE2 /* Debug */ = {
			isa = XCBuildConfiguration;
			buildSettings = {
				ALWAYS_SEARCH_USER_PATHS = NO;
				CLANG_ANALYZER_NONNULL = YES;
				CLANG_ANALYZER_NUMBER_OBJECT_CONVERSION = YES_AGGRESSIVE;
				CLANG_CXX_LANGUAGE_STANDARD = "gnu++14";
				CLANG_CXX_LIBRARY = "libc++";
				CLANG_ENABLE_MODULES = YES;
				CLANG_ENABLE_OBJC_ARC = YES;
				CLANG_WARN_BLOCK_CAPTURE_AUTORELEASING = YES;
				CLANG_WARN_BOOL_CONVERSION = YES;
				CLANG_WARN_COMMA = YES;
				CLANG_WARN_CONSTANT_CONVERSION = YES;
				CLANG_WARN_DIRECT_OBJC_ISA_USAGE = YES_ERROR;
				CLANG_WARN_DOCUMENTATION_COMMENTS = YES;
				CLANG_WARN_EMPTY_BODY = YES;
				CLANG_WARN_ENUM_CONVERSION = YES;
				CLANG_WARN_INFINITE_RECURSION = YES;
				CLANG_WARN_INT_CONVERSION = YES;
				CLANG_WARN_NON_LITERAL_NULL_CONVERSION = YES;
				CLANG_WARN_OBJC_LITERAL_CONVERSION = YES;
				CLANG_WARN_OBJC_ROOT_CLASS = YES_ERROR;
				CLANG_WARN_RANGE_LOOP_ANALYSIS = YES;
				CLANG_WARN_STRICT_PROTOTYPES = YES;
				CLANG_WARN_SUSPICIOUS_MOVE = YES;
				CLANG_WARN_UNGUARDED_AVAILABILITY = YES_AGGRESSIVE;
				CLANG_WARN_UNREACHABLE_CODE = YES;
				CLANG_WARN__DUPLICATE_METHOD_MATCH = YES;
				CODE_SIGN_IDENTITY = "iPhone Developer";
				COPY_PHASE_STRIP = NO;
				DEBUG_INFORMATION_FORMAT = dwarf;
				ENABLE_STRICT_OBJC_MSGSEND = YES;
				ENABLE_TESTABILITY = YES;
				GCC_C_LANGUAGE_STANDARD = gnu11;
				GCC_DYNAMIC_NO_PIC = NO;
				GCC_NO_COMMON_BLOCKS = YES;
				GCC_OPTIMIZATION_LEVEL = 0;
				GCC_PREPROCESSOR_DEFINITIONS = (
					"DEBUG=1",
					"$(inherited)",
				);
				GCC_WARN_64_TO_32_BIT_CONVERSION = YES;
				GCC_WARN_ABOUT_RETURN_TYPE = YES_ERROR;
				GCC_WARN_UNDECLARED_SELECTOR = YES;
				GCC_WARN_UNINITIALIZED_AUTOS = YES_AGGRESSIVE;
				GCC_WARN_UNUSED_FUNCTION = YES;
				GCC_WARN_UNUSED_VARIABLE = YES;
				IPHONEOS_DEPLOYMENT_TARGET = 11.2;
				MTL_ENABLE_DEBUG_INFO = YES;
				ONLY_ACTIVE_ARCH = YES;
				SDKROOT = iphoneos;
				SWIFT_ACTIVE_COMPILATION_CONDITIONS = DEBUG;
				SWIFT_OPTIMIZATION_LEVEL = "-Onone";
			};
			name = Debug;
		};
		F68056551FEC524300CD4AE2 /* Release */ = {
			isa = XCBuildConfiguration;
			buildSettings = {
				ALWAYS_SEARCH_USER_PATHS = NO;
				CLANG_ANALYZER_NONNULL = YES;
				CLANG_ANALYZER_NUMBER_OBJECT_CONVERSION = YES_AGGRESSIVE;
				CLANG_CXX_LANGUAGE_STANDARD = "gnu++14";
				CLANG_CXX_LIBRARY = "libc++";
				CLANG_ENABLE_MODULES = YES;
				CLANG_ENABLE_OBJC_ARC = YES;
				CLANG_WARN_BLOCK_CAPTURE_AUTORELEASING = YES;
				CLANG_WARN_BOOL_CONVERSION = YES;
				CLANG_WARN_COMMA = YES;
				CLANG_WARN_CONSTANT_CONVERSION = YES;
				CLANG_WARN_DIRECT_OBJC_ISA_USAGE = YES_ERROR;
				CLANG_WARN_DOCUMENTATION_COMMENTS = YES;
				CLANG_WARN_EMPTY_BODY = YES;
				CLANG_WARN_ENUM_CONVERSION = YES;
				CLANG_WARN_INFINITE_RECURSION = YES;
				CLANG_WARN_INT_CONVERSION = YES;
				CLANG_WARN_NON_LITERAL_NULL_CONVERSION = YES;
				CLANG_WARN_OBJC_LITERAL_CONVERSION = YES;
				CLANG_WARN_OBJC_ROOT_CLASS = YES_ERROR;
				CLANG_WARN_RANGE_LOOP_ANALYSIS = YES;
				CLANG_WARN_STRICT_PROTOTYPES = YES;
				CLANG_WARN_SUSPICIOUS_MOVE = YES;
				CLANG_WARN_UNGUARDED_AVAILABILITY = YES_AGGRESSIVE;
				CLANG_WARN_UNREACHABLE_CODE = YES;
				CLANG_WARN__DUPLICATE_METHOD_MATCH = YES;
				CODE_SIGN_IDENTITY = "iPhone Developer";
				COPY_PHASE_STRIP = NO;
				DEBUG_INFORMATION_FORMAT = "dwarf-with-dsym";
				ENABLE_NS_ASSERTIONS = NO;
				ENABLE_STRICT_OBJC_MSGSEND = YES;
				GCC_C_LANGUAGE_STANDARD = gnu11;
				GCC_NO_COMMON_BLOCKS = YES;
				GCC_WARN_64_TO_32_BIT_CONVERSION = YES;
				GCC_WARN_ABOUT_RETURN_TYPE = YES_ERROR;
				GCC_WARN_UNDECLARED_SELECTOR = YES;
				GCC_WARN_UNINITIALIZED_AUTOS = YES_AGGRESSIVE;
				GCC_WARN_UNUSED_FUNCTION = YES;
				GCC_WARN_UNUSED_VARIABLE = YES;
				IPHONEOS_DEPLOYMENT_TARGET = 11.2;
				MTL_ENABLE_DEBUG_INFO = NO;
				SDKROOT = iphoneos;
				SWIFT_OPTIMIZATION_LEVEL = "-Owholemodule";
				VALIDATE_PRODUCT = YES;
			};
			name = Release;
		};
		F68056571FEC524300CD4AE2 /* Debug */ = {
			isa = XCBuildConfiguration;
			baseConfigurationReference = 41C1FFB0B8DA655EBF09ABE0 /* Pods-gameofchats.debug.xcconfig */;
			buildSettings = {
				ASSETCATALOG_COMPILER_APPICON_NAME = AppIcon;
				CODE_SIGN_STYLE = Automatic;
				INFOPLIST_FILE = gameofchats/Info.plist;
				LD_RUNPATH_SEARCH_PATHS = "$(inherited) @executable_path/Frameworks";
				PRODUCT_BUNDLE_IDENTIFIER = com.terrycheng.gameofchats;
				PRODUCT_NAME = "$(TARGET_NAME)";
				SWIFT_VERSION = 4.0;
				TARGETED_DEVICE_FAMILY = "1,2";
			};
			name = Debug;
		};
		F68056581FEC524300CD4AE2 /* Release */ = {
			isa = XCBuildConfiguration;
			baseConfigurationReference = D32197A430146D4C8AB6D0BB /* Pods-gameofchats.release.xcconfig */;
			buildSettings = {
				ASSETCATALOG_COMPILER_APPICON_NAME = AppIcon;
				CODE_SIGN_STYLE = Automatic;
				INFOPLIST_FILE = gameofchats/Info.plist;
				LD_RUNPATH_SEARCH_PATHS = "$(inherited) @executable_path/Frameworks";
				PRODUCT_BUNDLE_IDENTIFIER = com.terrycheng.gameofchats;
				PRODUCT_NAME = "$(TARGET_NAME)";
				SWIFT_VERSION = 4.0;
				TARGETED_DEVICE_FAMILY = "1,2";
			};
			name = Release;
		};
/* End XCBuildConfiguration section */

/* Begin XCConfigurationList section */
		F680563F1FEC524300CD4AE2 /* Build configuration list for PBXProject "gameofchats" */ = {
			isa = XCConfigurationList;
			buildConfigurations = (
				F68056541FEC524300CD4AE2 /* Debug */,
				F68056551FEC524300CD4AE2 /* Release */,
			);
			defaultConfigurationIsVisible = 0;
			defaultConfigurationName = Release;
		};
		F68056561FEC524300CD4AE2 /* Build configuration list for PBXNativeTarget "gameofchats" */ = {
			isa = XCConfigurationList;
			buildConfigurations = (
				F68056571FEC524300CD4AE2 /* Debug */,
				F68056581FEC524300CD4AE2 /* Release */,
			);
			defaultConfigurationIsVisible = 0;
			defaultConfigurationName = Release;
		};
/* End XCConfigurationList section */
	};
	rootObject = F680563C1FEC524300CD4AE2 /* Project object */;
}
